
Microsoft Visual Studio Solution File, Format Version 12.00
# Visual Studio Version 17
VisualStudioVersion = 17.13.35825.156
MinimumVisualStudioVersion = 10.0.40219.1
Project("{FAE04EC0-301F-11D3-BF4B-00C04F79EFBC}") = "01_MainSubjects", "01_MainSubjects\01_MainSubjects.csproj", "{65B86BA7-88BC-45EE-ACD2-4E5C07F85AF8}"
EndProject
Project("{FAE04EC0-301F-11D3-BF4B-00C04F79EFBC}") = "02_Variables", "02_Variables\02_Variables.csproj", "{6E9EC6D9-AFE5-49D1-A89A-2F3F88358C1C}"
EndProject
Global
	GlobalSection(SolutionConfigurationPlatforms) = preSolution
		Debug|Any CPU = Debug|Any CPU
		Release|Any CPU = Release|Any CPU
	EndGlobalSection
	GlobalSection(ProjectConfigurationPlatforms) = postSolution
		{65B86BA7-88BC-45EE-ACD2-4E5C07F85AF8}.Debug|Any CPU.ActiveCfg = Debug|Any CPU
		{65B86BA7-88BC-45EE-ACD2-4E5C07F85AF8}.Debug|Any CPU.Build.0 = Debug|Any CPU
		{65B86BA7-88BC-45EE-ACD2-4E5C07F85AF8}.Release|Any CPU.ActiveCfg = Release|Any CPU
		{65B86BA7-88BC-45EE-ACD2-4E5C07F85AF8}.Release|Any CPU.Build.0 = Release|Any CPU
		{6E9EC6D9-AFE5-49D1-A89A-2F3F88358C1C}.Debug|Any CPU.ActiveCfg = Debug|Any CPU
		{6E9EC6D9-AFE5-49D1-A89A-2F3F88358C1C}.Debug|Any CPU.Build.0 = Debug|Any CPU
		{6E9EC6D9-AFE5-49D1-A89A-2F3F88358C1C}.Release|Any CPU.ActiveCfg = Release|Any CPU
		{6E9EC6D9-AFE5-49D1-A89A-2F3F88358C1C}.Release|Any CPU.Build.0 = Release|Any CPU
	EndGlobalSection
	GlobalSection(SolutionProperties) = preSolution
		HideSolutionNode = FALSE
	EndGlobalSection
	GlobalSection(ExtensibilityGlobals) = postSolution
		SolutionGuid = {91B59D7D-D344-4EFB-93EB-98339F1A59A8}
	EndGlobalSection
EndGlobal
